{
  "nodes": {
    "clj-helpers": {
      "inputs": {
        "clojure-nix-locker": "clojure-nix-locker",
        "nixpkgs": [
          "nixpkgs"
        ]
      },
      "locked": {
        "lastModified": 1781260822,
        "narHash": "sha256-fiG1xacGNQerZ7TUu8Sl/W3K2IeK6r5Dv1xAUbJHvU4=",
        "owner": "outskirtslabs",
        "repo": "clojure-nix-locker-helpers",
        "rev": "f36818752c22ae8c4cc07dcb52353c0afc220aee",
        "type": "github"
      },
      "original": {
        "owner": "outskirtslabs",
        "repo": "clojure-nix-locker-helpers",
        "type": "github"
      }
    },
    "clojure-nix-locker": {
      "inputs": {
        "flake-utils": "flake-utils",
        "nixpkgs": [
          "clj-helpers",
          "nixpkgs"
        ]
      },
      "locked": {
        "lastModified": 1767628431,
        "narHash": "sha256-9JHKdlgDspXbBTE9b+bYYBMfXzBwHMUymY9DUHIvZrQ=",
        "owner": "bevuta",
        "repo": "clojure-nix-locker",
        "rev": "d706ad2804bf8237a61171757b44783042bc9fee",
        "type": "github"
      },
      "original": {
        "owner": "bevuta",
        "repo": "clojure-nix-locker",
        "type": "github"
      }
    },
    "devenv": {
      "inputs": {
        "devshell": "devshell",
        "flake-schemas": "flake-schemas",
        "flakelight": "flakelight",
        "home-manager": "home-manager",
        "nixpkgs": [
          "nixpkgs"
        ],
        "treefmt-nix": "treefmt-nix"
      },
      "locked": {
        "lastModified": 1781510823,
        "narHash": "sha256-YGu7qGCJqaweczEbO/kKuhDChI5hsW9gDyROC1Byyhw=",
        "owner": "ramblurr",
        "repo": "nix-devenv",
        "rev": "490cbfbe47ac918ab8008dd530ae1578e95d89b5",
        "type": "github"
      },
      "original": {
        "owner": "ramblurr",
        "repo": "nix-devenv",
        "type": "github"
      }
    },
    "devshell": {
      "inputs": {
        "nixpkgs": [
          "devenv",
          "nixpkgs"
        ]
      },
      "locked": {
        "lastModified": 1768818222,
        "narHash": "sha256-460jc0+CZfyaO8+w8JNtlClB2n4ui1RbHfPTLkpwhU8=",
        "owner": "numtide",
        "repo": "devshell",
        "rev": "255a2b1725a20d060f566e4755dbf571bbbb5f76",
        "type": "github"
      },
      "original": {
        "owner": "numtide",
        "repo": "devshell",
        "type": "github"
      }
    },
    "devshell_2": {
      "inputs": {
        "nixpkgs": [
          "nixpkgs"
        ]
      },
      "locked": {
        "lastModified": 1768818222,
        "narHash": "sha256-460jc0+CZfyaO8+w8JNtlClB2n4ui1RbHfPTLkpwhU8=",
        "owner": "numtide",
        "repo": "devshell",
        "rev": "255a2b1725a20d060f566e4755dbf571bbbb5f76",
        "type": "github"
      },
      "original": {
        "owner": "numtide",
        "repo": "devshell",
        "type": "github"
      }
    },
    "flake-schemas": {
      "locked": {
        "lastModified": 1770913512,
        "narHash": "sha256-jRC1qRoRCrMjDalVfUMHFlKSkkA2q0RZWTDW0LsquoA=",
        "rev": "3c464b0e09cb44c6e073c41dd1d834980c3e0b24",
        "revCount": 111,
        "type": "tarball",
        "url": "https://api.flakehub.com/f/pinned/DeterminateSystems/flake-schemas/0.2.1/019c8ce4-cd63-7c3c-a4cf-d1e0788fdcd9/source.tar.gz"
      },
      "original": {
        "type": "tarball",
        "url": "https://flakehub.com/f/DeterminateSystems/flake-schemas/0.2.0"
      }
    },
    "flake-utils": {
      "inputs": {
        "systems": "systems"
      },
      "locked": {
        "lastModified": 1731533236,
        "narHash": "sha256-l0KFg5HjrsfsO/JpG+r7fRrqm12kzFHyUHqHCVpMMbI=",
        "owner": "numtide",
        "repo": "flake-utils",
        "rev": "11707dc2f618dd54ca8739b309ec4fc024de578b",
        "type": "github"
      },
      "original": {
        "owner": "numtide",
        "repo": "flake-utils",
        "type": "github"
      }
    },
    "flakelight": {
      "inputs": {
        "nixpkgs": [
          "devenv",
          "nixpkgs"
        ]
      },
      "locked": {
        "lastModified": 1781309392,
        "narHash": "sha256-3+oF2x5kf5RVYPbOGxdMIZgM90x/l7N60qK6GEMAw/4=",
        "owner": "nix-community",
        "repo": "flakelight",
        "rev": "ca76eecaa21c2b256c17e5883c3168d6a034510a",
        "type": "github"
      },
      "original": {
        "owner": "nix-community",
        "repo": "flakelight",
        "type": "github"
      }
    },
    "home-manager": {
      "inputs": {
        "nixpkgs": "nixpkgs"
      },
      "locked": {
        "lastModified": 1781497404,
        "narHash": "sha256-9GAF8sSsnkyCVCWkomXR0T+zdSxyUlfPt6neQidimdg=",
        "owner": "nix-community",
        "repo": "home-manager",
        "rev": "1285cd3d6882a9847f2d56ed5541b3350c8a6162",
        "type": "github"
      },
      "original": {
        "id": "home-manager",
        "type": "indirect"
      }
    },
    "nixpkgs": {
      "locked": {
        "lastModified": 1780365719,
        "narHash": "sha256-QfWfccTN+70ZQ4m2qlU9PiKfz2Yppq94058iJyARNwc=",
        "owner": "NixOS",
        "repo": "nixpkgs",
        "rev": "ffa10e26ae11d676b2db836259889f1f571cb14f",
        "type": "github"
      },
      "original": {
        "owner": "NixOS",
        "ref": "nixpkgs-unstable",
        "repo": "nixpkgs",
        "type": "github"
      }
    },
    "nixpkgs_2": {
      "locked": {
        "lastModified": 1781074563,
        "narHash": "sha256-md8WlXOlfnIeHeOScMTTHFyf2d6iaTwPl2apR5EQ3P4=",
        "rev": "9ae611a455b90cf061d8f332b977e387bda8e1ca",
        "revCount": 1014179,
        "type": "tarball",
        "url": "https://api.flakehub.com/f/pinned/NixOS/nixpkgs/0.1.1014179%2Brev-9ae611a455b90cf061d8f332b977e387bda8e1ca/019eb959-af28-7e70-8140-2447573a6acd/source.tar.gz"
      },
      "original": {
        "type": "tarball",
        "url": "https://flakehub.com/f/NixOS/nixpkgs/0.1"
      }
    },
    "root": {
      "inputs": {
        "clj-helpers": "clj-helpers",
        "devenv": "devenv",
        "devshell": "devshell_2",
        "nixpkgs": "nixpkgs_2"
      }
    },
    "systems": {
      "locked": {
        "lastModified": 1681028828,
        "narHash": "sha256-Vy1rq5AaRuLzOxct8nz4T6wlgyUR7zLU309k9mBC768=",
        "owner": "nix-systems",
        "repo": "default",
        "rev": "da67096a3b9bf56a91d16901293e51ba5b49a27e",
        "type": "github"
      },
      "original": {
        "owner": "nix-systems",
        "repo": "default",
        "type": "github"
      }
    },
    "treefmt-nix": {
      "inputs": {
        "nixpkgs": [
          "devenv",
          "flakelight",
          "nixpkgs"
        ]
      },
      "locked": {
        "lastModified": 1780220602,
        "narHash": "sha256-eynAfOmbmxJnkp7YewvCEbShNnnYJ9gLLqkzsYtBPeM=",
        "owner": "numtide",
        "repo": "treefmt-nix",
        "rev": "db947814a175b7ca6ded66e21383d938df01c227",
        "type": "github"
      },
      "original": {
        "owner": "numtide",
        "repo": "treefmt-nix",
        "type": "github"
      }
    }
  },
  "root": "root",
  "version": 7
}
