{
  "nodes": {
    "clojure-nix-locker": {
      "inputs": {
        "flake-utils": "flake-utils",
        "nixpkgs": [
          "nixpkgs"
        ]
      },
      "locked": {
        "lastModified": 1767628431,
        "narHash": "sha256-9JHKdlgDspXbBTE9b+bYYBMfXzBwHMUymY9DUHIvZrQ=",
        "owner": "bevuta",
        "repo": "clojure-nix-locker",
        "rev": "d706ad2804bf8237a61171757b44783042bc9fee",
        "type": "github"
      },
      "original": {
        "owner": "bevuta",
        "repo": "clojure-nix-locker",
        "type": "github"
      }
    },
    "clojure-nix-locker_2": {
      "inputs": {
        "flake-utils": "flake-utils_2",
        "nixpkgs": [
          "devenv",
          "nixpkgs"
        ]
      },
      "locked": {
        "lastModified": 1767628431,
        "narHash": "sha256-9JHKdlgDspXbBTE9b+bYYBMfXzBwHMUymY9DUHIvZrQ=",
        "owner": "bevuta",
        "repo": "clojure-nix-locker",
        "rev": "d706ad2804bf8237a61171757b44783042bc9fee",
        "type": "github"
      },
      "original": {
        "owner": "bevuta",
        "repo": "clojure-nix-locker",
        "type": "github"
      }
    },
    "crane": {
      "locked": {
        "lastModified": 1758758545,
        "narHash": "sha256-NU5WaEdfwF6i8faJ2Yh+jcK9vVFrofLcwlD/mP65JrI=",
        "rev": "95d528a5f54eaba0d12102249ce42f4d01f4e364",
        "revCount": 764,
        "type": "tarball",
        "url": "https://api.flakehub.com/f/pinned/ipetkov/crane/0.21.1/01997e40-19a9-7bc6-9dba-0585d6ed9a98/source.tar.gz"
      },
      "original": {
        "type": "tarball",
        "url": "https://flakehub.com/f/ipetkov/crane/0"
      }
    },
    "determinate": {
      "inputs": {
        "determinate-nixd-aarch64-darwin": "determinate-nixd-aarch64-darwin",
        "determinate-nixd-aarch64-linux": "determinate-nixd-aarch64-linux",
        "determinate-nixd-x86_64-linux": "determinate-nixd-x86_64-linux",
        "nix": "nix",
        "nixpkgs": "nixpkgs_2"
      },
      "locked": {
        "lastModified": 1775584659,
        "narHash": "sha256-NA5oZRunqxD+4LNdU7ZKJHqwuazKyAmBjO4OHXL14X4=",
        "rev": "21dcaa011d3d35cf42a04e988eaac9b28c97a707",
        "revCount": 411,
        "type": "tarball",
        "url": "https://api.flakehub.com/f/pinned/DeterminateSystems/determinate/3.17.3/019d691b-0a67-74d9-90e1-1a3c86286399/source.tar.gz"
      },
      "original": {
        "type": "tarball",
        "url": "https://flakehub.com/f/DeterminateSystems/determinate/%2A"
      }
    },
    "determinate-nixd-aarch64-darwin": {
      "flake": false,
      "locked": {
        "narHash": "sha256-qLWfYk9qkb21wKCDWnhMfqBFjcdBBJkNUKBlvdHSLgA=",
        "type": "file",
        "url": "https://install.determinate.systems/determinate-nixd/tag/v3.17.3/macOS"
      },
      "original": {
        "type": "file",
        "url": "https://install.determinate.systems/determinate-nixd/tag/v3.17.3/macOS"
      }
    },
    "determinate-nixd-aarch64-linux": {
      "flake": false,
      "locked": {
        "narHash": "sha256-0BmprPIRTopvJ2QdImOMP+TujAPVgRdl0bUL3vhqGIY=",
        "type": "file",
        "url": "https://install.determinate.systems/determinate-nixd/tag/v3.17.3/aarch64-linux"
      },
      "original": {
        "type": "file",
        "url": "https://install.determinate.systems/determinate-nixd/tag/v3.17.3/aarch64-linux"
      }
    },
    "determinate-nixd-x86_64-linux": {
      "flake": false,
      "locked": {
        "narHash": "sha256-+Q85cySxr0FB/cr97hk/WWYgeJY+iC4OH+FjGYygIbU=",
        "type": "file",
        "url": "https://install.determinate.systems/determinate-nixd/tag/v3.17.3/x86_64-linux"
      },
      "original": {
        "type": "file",
        "url": "https://install.determinate.systems/determinate-nixd/tag/v3.17.3/x86_64-linux"
      }
    },
    "devenv": {
      "inputs": {
        "clojure-nix-locker": "clojure-nix-locker_2",
        "determinate": "determinate",
        "devshell": "devshell",
        "fh": "fh",
        "flake-schemas": "flake-schemas",
        "flakelight": "flakelight",
        "home-manager": "home-manager",
        "nix": "nix_2",
        "nixpkgs": [
          "nixpkgs"
        ],
        "spdx-util": "spdx-util",
        "treefmt-nix": "treefmt-nix"
      },
      "locked": {
        "lastModified": 1776696048,
        "narHash": "sha256-Z5rhEBZoI8guODG2ZqhJ01fCV9LIx8/d1gVz5c3wQrA=",
        "rev": "984b7d1cd5d836cb9fd90ef17d61edd54f4c8ee1",
        "revCount": 165,
        "type": "tarball",
        "url": "https://api.flakehub.com/f/pinned/ramblurr/nix-devenv/0.1.165%2Brev-984b7d1cd5d836cb9fd90ef17d61edd54f4c8ee1/019dab59-0ab6-7b32-80af-9ed58576541a/source.tar.gz"
      },
      "original": {
        "type": "tarball",
        "url": "https://flakehub.com/f/ramblurr/nix-devenv/%2A"
      }
    },
    "devshell": {
      "inputs": {
        "nixpkgs": [
          "devenv",
          "nixpkgs"
        ]
      },
      "locked": {
        "lastModified": 1768818222,
        "narHash": "sha256-460jc0+CZfyaO8+w8JNtlClB2n4ui1RbHfPTLkpwhU8=",
        "owner": "numtide",
        "repo": "devshell",
        "rev": "255a2b1725a20d060f566e4755dbf571bbbb5f76",
        "type": "github"
      },
      "original": {
        "owner": "numtide",
        "repo": "devshell",
        "type": "github"
      }
    },
    "devshell_2": {
      "inputs": {
        "nixpkgs": [
          "nixpkgs"
        ]
      },
      "locked": {
        "lastModified": 1768818222,
        "narHash": "sha256-460jc0+CZfyaO8+w8JNtlClB2n4ui1RbHfPTLkpwhU8=",
        "owner": "numtide",
        "repo": "devshell",
        "rev": "255a2b1725a20d060f566e4755dbf571bbbb5f76",
        "type": "github"
      },
      "original": {
        "owner": "numtide",
        "repo": "devshell",
        "type": "github"
      }
    },
    "fenix": {
      "inputs": {
        "nixpkgs": [
          "devenv",
          "fh",
          "nixpkgs"
        ],
        "rust-analyzer-src": "rust-analyzer-src"
      },
      "locked": {
        "lastModified": 1756709111,
        "narHash": "sha256-xv2u5dnQpdWkrIy5TBSomr055odWtRSoECSGBzNpp3w=",
        "rev": "113eba389317407992ea219d5aaced44bf6407f9",
        "revCount": 2375,
        "type": "tarball",
        "url": "https://api.flakehub.com/f/pinned/nix-community/fenix/0.1.2375%2Brev-113eba389317407992ea219d5aaced44bf6407f9/0199045f-8452-723d-b201-deb22d41c75e/source.tar.gz"
      },
      "original": {
        "type": "tarball",
        "url": "https://flakehub.com/f/nix-community/fenix/%3D0.1.2375"
      }
    },
    "fh": {
      "inputs": {
        "crane": "crane",
        "fenix": "fenix",
        "nixpkgs": "nixpkgs_3"
      },
      "locked": {
        "lastModified": 1761780713,
        "narHash": "sha256-EUCV7/J9wJRroCGW5JqonFJIqcvJEBAwB7l3eWYxiSk=",
        "rev": "4f001f2e1de4776f01cf22d1de815f1016a4c4c9",
        "revCount": 786,
        "type": "tarball",
        "url": "https://api.flakehub.com/f/pinned/DeterminateSystems/fh/0.1.27/019a355b-4c74-769d-a9ad-232df447089d/source.tar.gz"
      },
      "original": {
        "type": "tarball",
        "url": "https://flakehub.com/f/DeterminateSystems/fh/0.1.%2A"
      }
    },
    "flake-compat": {
      "flake": false,
      "locked": {
        "lastModified": 1696426674,
        "narHash": "sha256-kvjfFW7WAETZlt09AgDn1MrtKzP7t90Vf7vypd3OL1U=",
        "owner": "edolstra",
        "repo": "flake-compat",
        "rev": "0f9255e01c2351cc7d116c072cb317785dd33b33",
        "type": "github"
      },
      "original": {
        "owner": "edolstra",
        "repo": "flake-compat",
        "type": "github"
      }
    },
    "flake-compat_2": {
      "flake": false,
      "locked": {
        "lastModified": 1696426674,
        "narHash": "sha256-kvjfFW7WAETZlt09AgDn1MrtKzP7t90Vf7vypd3OL1U=",
        "owner": "edolstra",
        "repo": "flake-compat",
        "rev": "0f9255e01c2351cc7d116c072cb317785dd33b33",
        "type": "github"
      },
      "original": {
        "owner": "edolstra",
        "repo": "flake-compat",
        "type": "github"
      }
    },
    "flake-parts": {
      "inputs": {
        "nixpkgs-lib": [
          "devenv",
          "determinate",
          "nix",
          "nixpkgs"
        ]
      },
      "locked": {
        "lastModified": 1748821116,
        "narHash": "sha256-F82+gS044J1APL0n4hH50GYdPRv/5JWm34oCJYmVKdE=",
        "rev": "49f0870db23e8c1ca0b5259734a02cd9e1e371a1",
        "revCount": 377,
        "type": "tarball",
        "url": "https://api.flakehub.com/f/pinned/hercules-ci/flake-parts/0.1.377%2Brev-49f0870db23e8c1ca0b5259734a02cd9e1e371a1/01972f28-554a-73f8-91f4-d488cc502f08/source.tar.gz"
      },
      "original": {
        "type": "tarball",
        "url": "https://flakehub.com/f/hercules-ci/flake-parts/0.1"
      }
    },
    "flake-parts_2": {
      "inputs": {
        "nixpkgs-lib": [
          "devenv",
          "nix",
          "nixpkgs"
        ]
      },
      "locked": {
        "lastModified": 1748821116,
        "narHash": "sha256-F82+gS044J1APL0n4hH50GYdPRv/5JWm34oCJYmVKdE=",
        "rev": "49f0870db23e8c1ca0b5259734a02cd9e1e371a1",
        "revCount": 377,
        "type": "tarball",
        "url": "https://api.flakehub.com/f/pinned/hercules-ci/flake-parts/0.1.377%2Brev-49f0870db23e8c1ca0b5259734a02cd9e1e371a1/01972f28-554a-73f8-91f4-d488cc502f08/source.tar.gz"
      },
      "original": {
        "type": "tarball",
        "url": "https://flakehub.com/f/hercules-ci/flake-parts/0.1"
      }
    },
    "flake-schemas": {
      "locked": {
        "lastModified": 1770913512,
        "narHash": "sha256-jRC1qRoRCrMjDalVfUMHFlKSkkA2q0RZWTDW0LsquoA=",
        "rev": "3c464b0e09cb44c6e073c41dd1d834980c3e0b24",
        "revCount": 111,
        "type": "tarball",
        "url": "https://api.flakehub.com/f/pinned/DeterminateSystems/flake-schemas/0.2.1/019c8ce4-cd63-7c3c-a4cf-d1e0788fdcd9/source.tar.gz"
      },
      "original": {
        "type": "tarball",
        "url": "https://flakehub.com/f/DeterminateSystems/flake-schemas/0.2.0"
      }
    },
    "flake-utils": {
      "inputs": {
        "systems": "systems"
      },
      "locked": {
        "lastModified": 1731533236,
        "narHash": "sha256-l0KFg5HjrsfsO/JpG+r7fRrqm12kzFHyUHqHCVpMMbI=",
        "owner": "numtide",
        "repo": "flake-utils",
        "rev": "11707dc2f618dd54ca8739b309ec4fc024de578b",
        "type": "github"
      },
      "original": {
        "owner": "numtide",
        "repo": "flake-utils",
        "type": "github"
      }
    },
    "flake-utils_2": {
      "inputs": {
        "systems": "systems_2"
      },
      "locked": {
        "lastModified": 1731533236,
        "narHash": "sha256-l0KFg5HjrsfsO/JpG+r7fRrqm12kzFHyUHqHCVpMMbI=",
        "owner": "numtide",
        "repo": "flake-utils",
        "rev": "11707dc2f618dd54ca8739b309ec4fc024de578b",
        "type": "github"
      },
      "original": {
        "owner": "numtide",
        "repo": "flake-utils",
        "type": "github"
      }
    },
    "flakelight": {
      "inputs": {
        "nixpkgs": [
          "devenv",
          "nixpkgs"
        ]
      },
      "locked": {
        "lastModified": 1775481670,
        "narHash": "sha256-y/c2JCNmjeuxbSpfE4r2qN02dQX+tkfIZpwEfOlF64s=",
        "owner": "nix-community",
        "repo": "flakelight",
        "rev": "0868c446b28e412ff2a685e93856658a43c30b1f",
        "type": "github"
      },
      "original": {
        "owner": "nix-community",
        "repo": "flakelight",
        "type": "github"
      }
    },
    "flakelight_2": {
      "inputs": {
        "nixpkgs": "nixpkgs_5"
      },
      "locked": {
        "lastModified": 1753102454,
        "narHash": "sha256-BG8VtSW9F24bwfDjF8voxolecogiHKS9WC3EEOakGn0=",
        "owner": "nix-community",
        "repo": "flakelight",
        "rev": "5438c55301ab0811214f918fd16a7f6aaa50b73f",
        "type": "github"
      },
      "original": {
        "owner": "nix-community",
        "repo": "flakelight",
        "type": "github"
      }
    },
    "git-hooks-nix": {
      "inputs": {
        "flake-compat": "flake-compat",
        "gitignore": [
          "devenv",
          "determinate",
          "nix"
        ],
        "nixpkgs": [
          "devenv",
          "determinate",
          "nix",
          "nixpkgs"
        ]
      },
      "locked": {
        "lastModified": 1747372754,
        "narHash": "sha256-2Y53NGIX2vxfie1rOW0Qb86vjRZ7ngizoo+bnXU9D9k=",
        "rev": "80479b6ec16fefd9c1db3ea13aeb038c60530f46",
        "revCount": 1026,
        "type": "tarball",
        "url": "https://api.flakehub.com/f/pinned/cachix/git-hooks.nix/0.1.1026%2Brev-80479b6ec16fefd9c1db3ea13aeb038c60530f46/0196d79a-1b35-7b8e-a021-c894fb62163d/source.tar.gz"
      },
      "original": {
        "type": "tarball",
        "url": "https://flakehub.com/f/cachix/git-hooks.nix/0.1.941"
      }
    },
    "git-hooks-nix_2": {
      "inputs": {
        "flake-compat": "flake-compat_2",
        "gitignore": [
          "devenv",
          "nix"
        ],
        "nixpkgs": [
          "devenv",
          "nix",
          "nixpkgs"
        ]
      },
      "locked": {
        "lastModified": 1747372754,
        "narHash": "sha256-2Y53NGIX2vxfie1rOW0Qb86vjRZ7ngizoo+bnXU9D9k=",
        "rev": "80479b6ec16fefd9c1db3ea13aeb038c60530f46",
        "revCount": 1026,
        "type": "tarball",
        "url": "https://api.flakehub.com/f/pinned/cachix/git-hooks.nix/0.1.1026%2Brev-80479b6ec16fefd9c1db3ea13aeb038c60530f46/0196d79a-1b35-7b8e-a021-c894fb62163d/source.tar.gz"
      },
      "original": {
        "type": "tarball",
        "url": "https://flakehub.com/f/cachix/git-hooks.nix/0.1.941"
      }
    },
    "home-manager": {
      "inputs": {
        "nixpkgs": [
          "devenv",
          "nixpkgs"
        ]
      },
      "locked": {
        "lastModified": 1775683737,
        "narHash": "sha256-oBYyowo6yfgb95Z78s3uTnAd9KkpJpwzjJbfnpLaM2Y=",
        "owner": "nix-community",
        "repo": "home-manager",
        "rev": "7ba4ee4228ed36123c7cb75d50524b43514ef992",
        "type": "github"
      },
      "original": {
        "owner": "nix-community",
        "repo": "home-manager",
        "type": "github"
      }
    },
    "nix": {
      "inputs": {
        "flake-parts": "flake-parts",
        "git-hooks-nix": "git-hooks-nix",
        "nixpkgs": "nixpkgs",
        "nixpkgs-23-11": "nixpkgs-23-11",
        "nixpkgs-regression": "nixpkgs-regression"
      },
      "locked": {
        "lastModified": 1775583600,
        "narHash": "sha256-/shs/3GA4R3rxhhqpPbEMnDZKbCvf3VpwnHB75nkTcI=",
        "rev": "e9b4735be7b90cf49767faf5c36f770ac1bdc586",
        "revCount": 24880,
        "type": "tarball",
        "url": "https://api.flakehub.com/f/pinned/DeterminateSystems/nix-src/3.17.3/019d6913-e8c2-7128-ba76-3dc4f6b58158/source.tar.gz"
      },
      "original": {
        "type": "tarball",
        "url": "https://flakehub.com/f/DeterminateSystems/nix-src/%2A"
      }
    },
    "nix_2": {
      "inputs": {
        "flake-parts": "flake-parts_2",
        "git-hooks-nix": "git-hooks-nix_2",
        "nixpkgs": "nixpkgs_4",
        "nixpkgs-23-11": "nixpkgs-23-11_2",
        "nixpkgs-regression": "nixpkgs-regression_2"
      },
      "locked": {
        "lastModified": 1775583600,
        "narHash": "sha256-/shs/3GA4R3rxhhqpPbEMnDZKbCvf3VpwnHB75nkTcI=",
        "rev": "e9b4735be7b90cf49767faf5c36f770ac1bdc586",
        "revCount": 24880,
        "type": "tarball",
        "url": "https://api.flakehub.com/f/pinned/DeterminateSystems/nix-src/3.17.3/019d6913-e8c2-7128-ba76-3dc4f6b58158/source.tar.gz"
      },
      "original": {
        "type": "tarball",
        "url": "https://flakehub.com/f/DeterminateSystems/nix-src/%2A"
      }
    },
    "nixpkgs": {
      "locked": {
        "lastModified": 1761597516,
        "narHash": "sha256-wxX7u6D2rpkJLWkZ2E932SIvDJW8+ON/0Yy8+a5vsDU=",
        "rev": "daf6dc47aa4b44791372d6139ab7b25269184d55",
        "revCount": 811874,
        "type": "tarball",
        "url": "https://api.flakehub.com/f/pinned/NixOS/nixpkgs/0.2505.811874%2Brev-daf6dc47aa4b44791372d6139ab7b25269184d55/019a3494-3498-707e-9086-1fb81badc7fe/source.tar.gz"
      },
      "original": {
        "type": "tarball",
        "url": "https://flakehub.com/f/NixOS/nixpkgs/0.2505"
      }
    },
    "nixpkgs-23-11": {
      "locked": {
        "lastModified": 1717159533,
        "narHash": "sha256-oamiKNfr2MS6yH64rUn99mIZjc45nGJlj9eGth/3Xuw=",
        "owner": "NixOS",
        "repo": "nixpkgs",
        "rev": "a62e6edd6d5e1fa0329b8653c801147986f8d446",
        "type": "github"
      },
      "original": {
        "owner": "NixOS",
        "repo": "nixpkgs",
        "rev": "a62e6edd6d5e1fa0329b8653c801147986f8d446",
        "type": "github"
      }
    },
    "nixpkgs-23-11_2": {
      "locked": {
        "lastModified": 1717159533,
        "narHash": "sha256-oamiKNfr2MS6yH64rUn99mIZjc45nGJlj9eGth/3Xuw=",
        "owner": "NixOS",
        "repo": "nixpkgs",
        "rev": "a62e6edd6d5e1fa0329b8653c801147986f8d446",
        "type": "github"
      },
      "original": {
        "owner": "NixOS",
        "repo": "nixpkgs",
        "rev": "a62e6edd6d5e1fa0329b8653c801147986f8d446",
        "type": "github"
      }
    },
    "nixpkgs-regression": {
      "locked": {
        "lastModified": 1643052045,
        "narHash": "sha256-uGJ0VXIhWKGXxkeNnq4TvV3CIOkUJ3PAoLZ3HMzNVMw=",
        "owner": "NixOS",
        "repo": "nixpkgs",
        "rev": "215d4d0fd80ca5163643b03a33fde804a29cc1e2",
        "type": "github"
      },
      "original": {
        "owner": "NixOS",
        "repo": "nixpkgs",
        "rev": "215d4d0fd80ca5163643b03a33fde804a29cc1e2",
        "type": "github"
      }
    },
    "nixpkgs-regression_2": {
      "locked": {
        "lastModified": 1643052045,
        "narHash": "sha256-uGJ0VXIhWKGXxkeNnq4TvV3CIOkUJ3PAoLZ3HMzNVMw=",
        "owner": "NixOS",
        "repo": "nixpkgs",
        "rev": "215d4d0fd80ca5163643b03a33fde804a29cc1e2",
        "type": "github"
      },
      "original": {
        "owner": "NixOS",
        "repo": "nixpkgs",
        "rev": "215d4d0fd80ca5163643b03a33fde804a29cc1e2",
        "type": "github"
      }
    },
    "nixpkgs_2": {
      "locked": {
        "lastModified": 1775464765,
        "narHash": "sha256-nex6TL2x1/sVHCyDWcvl1t/dbTedb9bAGC4DLf/pmYk=",
        "rev": "83e29f2b8791f6dec20804382fcd9a666d744c07",
        "revCount": 975711,
        "type": "tarball",
        "url": "https://api.flakehub.com/f/pinned/DeterminateSystems/nixpkgs-weekly/0.1.975711%2Brev-83e29f2b8791f6dec20804382fcd9a666d744c07/019d6689-cde2-7061-b044-e0ef61ade488/source.tar.gz"
      },
      "original": {
        "type": "tarball",
        "url": "https://flakehub.com/f/DeterminateSystems/nixpkgs-weekly/0.1"
      }
    },
    "nixpkgs_3": {
      "locked": {
        "lastModified": 1761468971,
        "narHash": "sha256-vY2OLVg5ZTobdroQKQQSipSIkHlxOTrIF1fsMzPh8w8=",
        "rev": "78e34d1667d32d8a0ffc3eba4591ff256e80576e",
        "revCount": 811770,
        "type": "tarball",
        "url": "https://api.flakehub.com/f/pinned/NixOS/nixpkgs/0.2505.811770%2Brev-78e34d1667d32d8a0ffc3eba4591ff256e80576e/019a23fb-89f0-7302-a573-f6bf7dde9cf5/source.tar.gz"
      },
      "original": {
        "type": "tarball",
        "url": "https://flakehub.com/f/NixOS/nixpkgs/0"
      }
    },
    "nixpkgs_4": {
      "locked": {
        "lastModified": 1761597516,
        "narHash": "sha256-wxX7u6D2rpkJLWkZ2E932SIvDJW8+ON/0Yy8+a5vsDU=",
        "rev": "daf6dc47aa4b44791372d6139ab7b25269184d55",
        "revCount": 811874,
        "type": "tarball",
        "url": "https://api.flakehub.com/f/pinned/NixOS/nixpkgs/0.2505.811874%2Brev-daf6dc47aa4b44791372d6139ab7b25269184d55/019a3494-3498-707e-9086-1fb81badc7fe/source.tar.gz"
      },
      "original": {
        "type": "tarball",
        "url": "https://flakehub.com/f/NixOS/nixpkgs/0.2505"
      }
    },
    "nixpkgs_5": {
      "locked": {
        "lastModified": 1752950548,
        "narHash": "sha256-NS6BLD0lxOrnCiEOcvQCDVPXafX1/ek1dfJHX1nUIzc=",
        "owner": "NixOS",
        "repo": "nixpkgs",
        "rev": "c87b95e25065c028d31a94f06a62927d18763fdf",
        "type": "github"
      },
      "original": {
        "owner": "NixOS",
        "ref": "nixos-unstable",
        "repo": "nixpkgs",
        "type": "github"
      }
    },
    "nixpkgs_6": {
      "locked": {
        "lastModified": 1776548001,
        "narHash": "sha256-ZSK0NL4a1BwVbbTBoSnWgbJy9HeZFXLYQizjb2DPF24=",
        "rev": "b12141ef619e0a9c1c84dc8c684040326f27cdcc",
        "revCount": 982522,
        "type": "tarball",
        "url": "https://api.flakehub.com/f/pinned/NixOS/nixpkgs/0.1.982522%2Brev-b12141ef619e0a9c1c84dc8c684040326f27cdcc/019dac49-3fcc-79b0-85fb-7ee694b1cf62/source.tar.gz"
      },
      "original": {
        "type": "tarball",
        "url": "https://flakehub.com/f/NixOS/nixpkgs/0.1"
      }
    },
    "root": {
      "inputs": {
        "clojure-nix-locker": "clojure-nix-locker",
        "devenv": "devenv",
        "devshell": "devshell_2",
        "nixpkgs": "nixpkgs_6"
      }
    },
    "rust-analyzer-src": {
      "flake": false,
      "locked": {
        "lastModified": 1756597274,
        "narHash": "sha256-wfaKRKsEVQDB7pQtAt04vRgFphkVscGRpSx3wG1l50E=",
        "owner": "rust-lang",
        "repo": "rust-analyzer",
        "rev": "21614ed2d3279a9aa1f15c88d293e65a98991b30",
        "type": "github"
      },
      "original": {
        "owner": "rust-lang",
        "ref": "nightly",
        "repo": "rust-analyzer",
        "type": "github"
      }
    },
    "spdx-util": {
      "inputs": {
        "flakelight": "flakelight_2",
        "nixpkgs": [
          "devenv",
          "nixpkgs"
        ]
      },
      "locked": {
        "lastModified": 1753356424,
        "narHash": "sha256-O+GRyi87RL3f43izTgmujJlgFnNd6l4D8a2rmxQr2W0=",
        "rev": "8b0080dfa30841cbafc63e0a35744effc9d3f798",
        "revCount": 8,
        "type": "tarball",
        "url": "https://api.flakehub.com/f/pinned/ramblurr/spdx-util/0.1.8%2Brev-8b0080dfa30841cbafc63e0a35744effc9d3f798/01983c31-2cde-7a09-b3a2-37aa57a8b8ae/source.tar.gz"
      },
      "original": {
        "type": "tarball",
        "url": "https://flakehub.com/f/ramblurr/spdx-util/0.1.4"
      }
    },
    "systems": {
      "locked": {
        "lastModified": 1681028828,
        "narHash": "sha256-Vy1rq5AaRuLzOxct8nz4T6wlgyUR7zLU309k9mBC768=",
        "owner": "nix-systems",
        "repo": "default",
        "rev": "da67096a3b9bf56a91d16901293e51ba5b49a27e",
        "type": "github"
      },
      "original": {
        "owner": "nix-systems",
        "repo": "default",
        "type": "github"
      }
    },
    "systems_2": {
      "locked": {
        "lastModified": 1681028828,
        "narHash": "sha256-Vy1rq5AaRuLzOxct8nz4T6wlgyUR7zLU309k9mBC768=",
        "owner": "nix-systems",
        "repo": "default",
        "rev": "da67096a3b9bf56a91d16901293e51ba5b49a27e",
        "type": "github"
      },
      "original": {
        "owner": "nix-systems",
        "repo": "default",
        "type": "github"
      }
    },
    "treefmt-nix": {
      "inputs": {
        "nixpkgs": [
          "devenv",
          "flakelight",
          "nixpkgs"
        ]
      },
      "locked": {
        "lastModified": 1775636079,
        "narHash": "sha256-pc20NRoMdiar8oPQceQT47UUZMBTiMdUuWrYu2obUP0=",
        "owner": "numtide",
        "repo": "treefmt-nix",
        "rev": "790751ff7fd3801feeaf96d7dc416a8d581265ba",
        "type": "github"
      },
      "original": {
        "owner": "numtide",
        "repo": "treefmt-nix",
        "type": "github"
      }
    }
  },
  "root": "root",
  "version": 7
}
